{
  "name": "allowlisted-fixture",
  "lockfileVersion": 3,
  "requires": true,
  "packages": {
    "": {
      "name": "allowlisted-fixture",
      "version": "1.0.0"
    },
    "node_modules/@flora/client-core": {
      "version": "0.0.1",
      "resolved": "https://registry.npmjs.org/@flora/client-core/-/client-core-0.0.1.tgz",
      "integrity": "sha512-bbbbbbbbbbbbbbbbbbbbbbbbbbbbbbbbbbbbbbbbbbbbbbbbbbbbbbbbbbbbbbbbbbbbbbbbbbbbbbbbbbbbbbbbbbbbbbbb"
    }
  }
}
